
Microsoft Visual Studio Solution File, Format Version 12.00
# Visual Studio Version 16
VisualStudioVersion = 16.0.30711.63
MinimumVisualStudioVersion = 10.0.40219.1
Project("{FAE04EC0-301F-11D3-BF4B-00C04F79EFBC}") = "ElasticNEST", "ElasticNEST\ElasticNEST.csproj", "{07792055-4F30-49E3-BB4B-962DDA52E117}"
EndProject
Global
	GlobalSection(SolutionConfigurationPlatforms) = preSolution
		Debug|Any CPU = Debug|Any CPU
		Release|Any CPU = Release|Any CPU
	EndGlobalSection
	GlobalSection(ProjectConfigurationPlatforms) = postSolution
		{07792055-4F30-49E3-BB4B-962DDA52E117}.Debug|Any CPU.ActiveCfg = Debug|Any CPU
		{07792055-4F30-49E3-BB4B-962DDA52E117}.Debug|Any CPU.Build.0 = Debug|Any CPU
		{07792055-4F30-49E3-BB4B-962DDA52E117}.Release|Any CPU.ActiveCfg = Release|Any CPU
		{07792055-4F30-49E3-BB4B-962DDA52E117}.Release|Any CPU.Build.0 = Release|Any CPU
	EndGlobalSection
	GlobalSection(SolutionProperties) = preSolution
		HideSolutionNode = FALSE
	EndGlobalSection
	GlobalSection(ExtensibilityGlobals) = postSolution
		SolutionGuid = {1CB31AA2-C724-488B-86D1-5129FDFA8BF2}
	EndGlobalSection
EndGlobal
